---
ID: "90021266-66b3-47b6-9709-a070f56064a1"
Parent: "9f6cb1fd-6ec5-4633-a6ef-a447da39e9e3"
Template: "04646a89-996f-4ee7-878a-ffdbf1f0ef0d"
Path: "/sitecore/layout/Renderings/Project/fmc-custom-demo/Social Proof/TestimonialBlock"
SharedFields:
- ID: "037fe404-dd19-4bf7-8e30-4dadf68b27b0"
  Hint: componentName
  Value: TestimonialBlock
- ID: "17bb046a-a32a-41b3-8315-81217947611b"
  Hint: ComponentQuery
  Value: |
    query TestimonialBlock($datasource: String!, $language: String!) { datasource: item(path: $datasource, language: $language) { sectionTitle: field(name: "SectionTitle") { jsonValue } children { results { id quoteText: field(name: "QuoteText") { jsonValue } authorName: field(name: "AuthorName") { jsonValue } authorRole: field(name: "AuthorRole") { jsonValue } authorImage: field(name: "AuthorImage") { jsonValue } companyName: field(name: "CompanyName") { jsonValue } companyLogo: field(name: "CompanyLogo") { jsonValue } } } } }
- ID: "1a7c85e5-dc0b-490d-9187-bb1dbcb4c72f"
  Hint: Datasource Template
  Value: "/sitecore/templates/Project/fmc-custom-demo/Components/Social Proof/TestimonialBlock"
- ID: "a77e8568-1ab3-44f1-a664-b7c37ec7810d"
  Hint: Parameters Template
  Value: "{670B1F23-39B4-4CBD-8E94-9E019B8B3546}"
- ID: "b5b27af1-25ef-405c-87ce-369b3a004016"
  Hint: Datasource Location
  Value: "query:$site/*[@@name='Data']/*[@@templatename='TestimonialBlock Folder']|query:$sharedSites/*[@@name='Data']/*[@@templatename='TestimonialBlock Folder']"
- ID: "dbbbeca1-21c7-4906-9dd2-493c1efa59a2"
  Hint: __Shared revision
  Value: "a9c43947-764d-4606-b987-21fe7fd60363"
Languages:
- Language: en
  Fields:
  - ID: "30e85e5d-e00a-4864-b358-7624d511deb4"
    Hint: __Unversioned revision
    Value: "07f4173a-9dc1-493a-b7fe-9f8d695f9aaa"
  Versions:
  - Version: 1
    Fields:
    - ID: "25bed78c-4957-4165-998a-ca1b52f67497"
      Hint: __Created
      Value: 20260325T133024Z
    - ID: "52807595-0f8f-4b20-8d2a-cb71d28c6103"
      Hint: __Owner
      Value: |
        sitecore\federico.mujica@sitecore.com
    - ID: "5dd74568-4d4b-44c1-b513-0af5f4cda34f"
      Hint: __Created by
      Value: |
        sitecore\federico.mujica@sitecore.com
    - ID: "8cdc337e-a112-42fb-bbb4-4143751e123f"
      Hint: __Revision
      Value: "36f9f4d4-8c48-4d1d-b602-a51c1ea6a424"
    - ID: "badd9cf9-53e0-4d0c-bcc0-2d784c282f6a"
      Hint: __Updated by
      Value: |
        sitecore\federico.mujica@sitecore.com
    - ID: "d9cf14b1-fa16-4ba6-9288-e8a174d4d522"
      Hint: __Updated
      Value: 20260325T133047Z
