---
ID: "d008d5fe-b27e-419f-889c-115b3d48a114"
Parent: "2a701448-0ceb-4b4f-9162-2b9d46434e3d"
Template: "04646a89-996f-4ee7-878a-ffdbf1f0ef0d"
Path: "/sitecore/layout/Renderings/Project/fmc-custom-demo/Content/RichTextBlock"
SharedFields:
- ID: "037fe404-dd19-4bf7-8e30-4dadf68b27b0"
  Hint: componentName
  Value: RichTextBlock
- ID: "1a7c85e5-dc0b-490d-9187-bb1dbcb4c72f"
  Hint: Datasource Template
  Value: "/sitecore/templates/Project/fmc-custom-demo/Components/Content/RichTextBlock"
- ID: "a77e8568-1ab3-44f1-a664-b7c37ec7810d"
  Hint: Parameters Template
  Value: "{F4E4FB5D-1AA3-4851-B349-14765BD8D390}"
- ID: "b5b27af1-25ef-405c-87ce-369b3a004016"
  Hint: Datasource Location
  Value: "query:$site/*[@@name='Data']/*[@@templatename='RichTextBlock Folder']|query:$sharedSites/*[@@name='Data']/*[@@templatename='RichTextBlock Folder']"
- ID: "dbbbeca1-21c7-4906-9dd2-493c1efa59a2"
  Hint: __Shared revision
  Value: "61345f29-6197-48c8-b190-35f7b289310d"
Languages:
- Language: en
  Fields:
  - ID: "30e85e5d-e00a-4864-b358-7624d511deb4"
    Hint: __Unversioned revision
    Value: "ecbae6be-a15e-4d4a-ba2a-02a347ac79dc"
  Versions:
  - Version: 1
    Fields:
    - ID: "25bed78c-4957-4165-998a-ca1b52f67497"
      Hint: __Created
      Value: 20260325T142043Z
    - ID: "52807595-0f8f-4b20-8d2a-cb71d28c6103"
      Hint: __Owner
      Value: |
        sitecore\federico.mujica@sitecore.com
    - ID: "5dd74568-4d4b-44c1-b513-0af5f4cda34f"
      Hint: __Created by
      Value: |
        sitecore\federico.mujica@sitecore.com
    - ID: "8cdc337e-a112-42fb-bbb4-4143751e123f"
      Hint: __Revision
      Value: "64f25145-1059-49a5-b89d-8755c7765949"
    - ID: "badd9cf9-53e0-4d0c-bcc0-2d784c282f6a"
      Hint: __Updated by
      Value: |
        sitecore\federico.mujica@sitecore.com
    - ID: "d9cf14b1-fa16-4ba6-9288-e8a174d4d522"
      Hint: __Updated
      Value: 20260325T142110Z
