---
ID: "d74f19b9-2239-4f05-8b2f-727393777ed8"
Parent: "5b2102a8-73b8-42a8-a150-67516452b20f"
Template: "ab86861a-6030-46c5-b394-e8f99e8b87db"
Path: "/sitecore/templates/Project/fmc-custom-demo/Components/Content/RichTextBlock"
SharedFields:
- ID: "12c33f3f-86c5-43a5-aeb4-5598cec45116"
  Hint: __Base template
  Value: |
    {1930BBEB-7805-471A-A3BE-4858AC7CF696}
    {44A022DB-56D3-419A-B43B-E27E4D8E9C41}
- ID: "dbbbeca1-21c7-4906-9dd2-493c1efa59a2"
  Hint: __Shared revision
  Value: "649724da-1a68-4bb5-a6ec-e1d6c3a0f6c3"
- ID: "f7d48a55-2158-4f02-9356-756654404f73"
  Hint: __Standard values
  Value: "{2E5AD440-2DC2-4BA2-92A1-7604E2555E40}"
Languages:
- Language: en
  Versions:
  - Version: 1
    Fields:
    - ID: "25bed78c-4957-4165-998a-ca1b52f67497"
      Hint: __Created
      Value: 20260325T141937Z
    - ID: "52807595-0f8f-4b20-8d2a-cb71d28c6103"
      Hint: __Owner
      Value: |
        sitecore\federico.mujica@sitecore.com
    - ID: "5dd74568-4d4b-44c1-b513-0af5f4cda34f"
      Hint: __Created by
      Value: |
        sitecore\federico.mujica@sitecore.com
    - ID: "8cdc337e-a112-42fb-bbb4-4143751e123f"
      Hint: __Revision
      Value: "07617a06-d342-434d-b856-ba8befdfaadc"
    - ID: "badd9cf9-53e0-4d0c-bcc0-2d784c282f6a"
      Hint: __Updated by
      Value: |
        sitecore\federico.mujica@sitecore.com
    - ID: "d9cf14b1-fa16-4ba6-9288-e8a174d4d522"
      Hint: __Updated
      Value: 20260325T142037Z
